
Microsoft Visual Studio Solution File, Format Version 12.00
# Visual Studio Version 17
VisualStudioVersion = 17.3.32825.248
MinimumVisualStudioVersion = 10.0.40219.1
Project("{FAE04EC0-301F-11D3-BF4B-00C04F79EFBC}") = "HCMUEVigenereRSA", "HCMUEVigenereRSA\HCMUEVigenereRSA.csproj", "{999783E8-F365-4B9A-A039-DF0AB62317C0}"
EndProject
Global
	GlobalSection(SolutionConfigurationPlatforms) = preSolution
		Debug|Any CPU = Debug|Any CPU
		Release|Any CPU = Release|Any CPU
	EndGlobalSection
	GlobalSection(ProjectConfigurationPlatforms) = postSolution
		{999783E8-F365-4B9A-A039-DF0AB62317C0}.Debug|Any CPU.ActiveCfg = Debug|Any CPU
		{999783E8-F365-4B9A-A039-DF0AB62317C0}.Debug|Any CPU.Build.0 = Debug|Any CPU
		{999783E8-F365-4B9A-A039-DF0AB62317C0}.Release|Any CPU.ActiveCfg = Release|Any CPU
		{999783E8-F365-4B9A-A039-DF0AB62317C0}.Release|Any CPU.Build.0 = Release|Any CPU
	EndGlobalSection
	GlobalSection(SolutionProperties) = preSolution
		HideSolutionNode = FALSE
	EndGlobalSection
	GlobalSection(ExtensibilityGlobals) = postSolution
		SolutionGuid = {07A0B36D-40F8-41AF-9D0F-FB4ACDDD5A8F}
	EndGlobalSection
EndGlobal
